
Microsoft Visual Studio Solution File, Format Version 12.00
# Visual Studio Version 17
VisualStudioVersion = 17.9.34728.123
MinimumVisualStudioVersion = 10.0.40219.1
Project("{FAE04EC0-301F-11D3-BF4B-00C04F79EFBC}") = "SkulkovTest", "SkulkovTest.csproj", "{FF66012F-4B10-4271-8BD7-BFBE4701A04F}"
EndProject
Project("{FAE04EC0-301F-11D3-BF4B-00C04F79EFBC}") = "InspectorLib", "..\InspectorLib\InspectorLib.csproj", "{CA171EA2-3449-4E2A-9ECD-74AE5E06DA51}"
EndProject
Global
	GlobalSection(SolutionConfigurationPlatforms) = preSolution
		Debug|Any CPU = Debug|Any CPU
		Release|Any CPU = Release|Any CPU
	EndGlobalSection
	GlobalSection(ProjectConfigurationPlatforms) = postSolution
		{FF66012F-4B10-4271-8BD7-BFBE4701A04F}.Debug|Any CPU.ActiveCfg = Debug|Any CPU
		{FF66012F-4B10-4271-8BD7-BFBE4701A04F}.Debug|Any CPU.Build.0 = Debug|Any CPU
		{FF66012F-4B10-4271-8BD7-BFBE4701A04F}.Release|Any CPU.ActiveCfg = Release|Any CPU
		{FF66012F-4B10-4271-8BD7-BFBE4701A04F}.Release|Any CPU.Build.0 = Release|Any CPU
		{CA171EA2-3449-4E2A-9ECD-74AE5E06DA51}.Debug|Any CPU.ActiveCfg = Debug|Any CPU
		{CA171EA2-3449-4E2A-9ECD-74AE5E06DA51}.Debug|Any CPU.Build.0 = Debug|Any CPU
		{CA171EA2-3449-4E2A-9ECD-74AE5E06DA51}.Release|Any CPU.ActiveCfg = Release|Any CPU
		{CA171EA2-3449-4E2A-9ECD-74AE5E06DA51}.Release|Any CPU.Build.0 = Release|Any CPU
	EndGlobalSection
	GlobalSection(SolutionProperties) = preSolution
		HideSolutionNode = FALSE
	EndGlobalSection
	GlobalSection(ExtensibilityGlobals) = postSolution
		SolutionGuid = {69DDD2E4-507B-4220-9BF2-7DBD209095C4}
	EndGlobalSection
EndGlobal
